
Microsoft Visual Studio Solution File, Format Version 12.00
# Visual Studio 15
VisualStudioVersion = 15.0.28307.168
MinimumVisualStudioVersion = 10.0.40219.1
Project("{FAE04EC0-301F-11D3-BF4B-00C04F79EFBC}") = "WS_IT", "WS_IT\WS_IT.csproj", "{6CB55BFF-AFDB-40DD-B652-A3AE26388E36}"
EndProject
Project("{FAE04EC0-301F-11D3-BF4B-00C04F79EFBC}") = "WS_MM", "WS_MM\WS_MM.csproj", "{83107AA4-BB6F-476E-9746-DF8E74678F66}"
EndProject
Project("{FAE04EC0-301F-11D3-BF4B-00C04F79EFBC}") = "Shared", "Shared\Shared.csproj", "{B5514409-0B03-4C9F-9668-63A019219078}"
EndProject
Project("{FAE04EC0-301F-11D3-BF4B-00C04F79EFBC}") = "SharedEmail", "SharedEmail\SharedEmail.csproj", "{9CB6256F-8F89-4781-82F0-6F8E394C941B}"
EndProject
Project("{FAE04EC0-301F-11D3-BF4B-00C04F79EFBC}") = "WS_PP", "WS_PP\WS_PP.csproj", "{C77EEC59-EA2D-4458-A1FA-BF51BEE5AC2D}"
EndProject
Project("{FAE04EC0-301F-11D3-BF4B-00C04F79EFBC}") = "WS_HCM", "WS_HCM\WS_HCM.csproj", "{B94024B1-C8BD-4F19-BE8D-030A727BD267}"
EndProject
Project("{FAE04EC0-301F-11D3-BF4B-00C04F79EFBC}") = "WS_SD", "WS_SD\WS_SD.csproj", "{3DB07792-06EA-44AA-9697-A07115541CB6}"
EndProject
Global
	GlobalSection(SolutionConfigurationPlatforms) = preSolution
		Debug|Any CPU = Debug|Any CPU
		Release|Any CPU = Release|Any CPU
	EndGlobalSection
	GlobalSection(ProjectConfigurationPlatforms) = postSolution
		{6CB55BFF-AFDB-40DD-B652-A3AE26388E36}.Debug|Any CPU.ActiveCfg = Debug|Any CPU
		{6CB55BFF-AFDB-40DD-B652-A3AE26388E36}.Debug|Any CPU.Build.0 = Debug|Any CPU
		{6CB55BFF-AFDB-40DD-B652-A3AE26388E36}.Release|Any CPU.ActiveCfg = Release|Any CPU
		{6CB55BFF-AFDB-40DD-B652-A3AE26388E36}.Release|Any CPU.Build.0 = Release|Any CPU
		{83107AA4-BB6F-476E-9746-DF8E74678F66}.Debug|Any CPU.ActiveCfg = Debug|Any CPU
		{83107AA4-BB6F-476E-9746-DF8E74678F66}.Debug|Any CPU.Build.0 = Debug|Any CPU
		{83107AA4-BB6F-476E-9746-DF8E74678F66}.Release|Any CPU.ActiveCfg = Release|Any CPU
		{83107AA4-BB6F-476E-9746-DF8E74678F66}.Release|Any CPU.Build.0 = Release|Any CPU
		{B5514409-0B03-4C9F-9668-63A019219078}.Debug|Any CPU.ActiveCfg = Debug|Any CPU
		{B5514409-0B03-4C9F-9668-63A019219078}.Debug|Any CPU.Build.0 = Debug|Any CPU
		{B5514409-0B03-4C9F-9668-63A019219078}.Release|Any CPU.ActiveCfg = Release|Any CPU
		{B5514409-0B03-4C9F-9668-63A019219078}.Release|Any CPU.Build.0 = Release|Any CPU
		{9CB6256F-8F89-4781-82F0-6F8E394C941B}.Debug|Any CPU.ActiveCfg = Debug|Any CPU
		{9CB6256F-8F89-4781-82F0-6F8E394C941B}.Debug|Any CPU.Build.0 = Debug|Any CPU
		{9CB6256F-8F89-4781-82F0-6F8E394C941B}.Release|Any CPU.ActiveCfg = Release|Any CPU
		{9CB6256F-8F89-4781-82F0-6F8E394C941B}.Release|Any CPU.Build.0 = Release|Any CPU
		{C77EEC59-EA2D-4458-A1FA-BF51BEE5AC2D}.Debug|Any CPU.ActiveCfg = Debug|Any CPU
		{C77EEC59-EA2D-4458-A1FA-BF51BEE5AC2D}.Debug|Any CPU.Build.0 = Debug|Any CPU
		{C77EEC59-EA2D-4458-A1FA-BF51BEE5AC2D}.Release|Any CPU.ActiveCfg = Release|Any CPU
		{C77EEC59-EA2D-4458-A1FA-BF51BEE5AC2D}.Release|Any CPU.Build.0 = Release|Any CPU
		{B94024B1-C8BD-4F19-BE8D-030A727BD267}.Debug|Any CPU.ActiveCfg = Debug|Any CPU
		{B94024B1-C8BD-4F19-BE8D-030A727BD267}.Debug|Any CPU.Build.0 = Debug|Any CPU
		{B94024B1-C8BD-4F19-BE8D-030A727BD267}.Release|Any CPU.ActiveCfg = Release|Any CPU
		{B94024B1-C8BD-4F19-BE8D-030A727BD267}.Release|Any CPU.Build.0 = Release|Any CPU
		{3DB07792-06EA-44AA-9697-A07115541CB6}.Debug|Any CPU.ActiveCfg = Debug|Any CPU
		{3DB07792-06EA-44AA-9697-A07115541CB6}.Debug|Any CPU.Build.0 = Debug|Any CPU
		{3DB07792-06EA-44AA-9697-A07115541CB6}.Release|Any CPU.ActiveCfg = Release|Any CPU
		{3DB07792-06EA-44AA-9697-A07115541CB6}.Release|Any CPU.Build.0 = Release|Any CPU
	EndGlobalSection
	GlobalSection(SolutionProperties) = preSolution
		HideSolutionNode = FALSE
	EndGlobalSection
	GlobalSection(ExtensibilityGlobals) = postSolution
		SolutionGuid = {BE27B8BB-A981-43D0-97E0-5A9221ADB143}
		EnterpriseLibraryConfigurationToolBinariesPathV6 = packages\EnterpriseLibrary.Common.6.0.1304.0\lib\NET45
	EndGlobalSection
EndGlobal
